// !$*UTF8*$!
{
	archiveVersion = 1;
	classes = {
	};
	objectVersion = 56;
	objects = {

/* Begin PBXBuildFile section */
		4CAC16682A7D4209003A56DC /* AppDelegate.swift in Sources */ = {isa = PBXBuildFile; fileRef = 4CAC16672A7D4209003A56DC /* AppDelegate.swift */; };
		4CAC166A2A7D4209003A56DC /* SceneDelegate.swift in Sources */ = {isa = PBXBuildFile; fileRef = 4CAC16692A7D4209003A56DC /* SceneDelegate.swift */; };
		4CAC166C2A7D4209003A56DC /* ChoiceViewController.swift in Sources */ = {isa = PBXBuildFile; fileRef = 4CAC166B2A7D4209003A56DC /* ChoiceViewController.swift */; };
		4CAC166F2A7D4209003A56DC /* Main.storyboard in Resources */ = {isa = PBXBuildFile; fileRef = 4CAC166D2A7D4209003A56DC /* Main.storyboard */; };
		4CAC16712A7D420A003A56DC /* Assets.xcassets in Resources */ = {isa = PBXBuildFile; fileRef = 4CAC16702A7D420A003A56DC /* Assets.xcassets */; };
		4CAC16742A7D420A003A56DC /* LaunchScreen.storyboard in Resources */ = {isa = PBXBuildFile; fileRef = 4CAC16722A7D420A003A56DC /* LaunchScreen.storyboard */; };
		4CAC167D2A7D4983003A56DC /* TamagotchiCollectionViewCell.swift in Sources */ = {isa = PBXBuildFile; fileRef = 4CAC167B2A7D4983003A56DC /* TamagotchiCollectionViewCell.swift */; };
		4CAC167E2A7D4983003A56DC /* TamagotchiCollectionViewCell.xib in Resources */ = {isa = PBXBuildFile; fileRef = 4CAC167C2A7D4983003A56DC /* TamagotchiCollectionViewCell.xib */; };
		4CAC16802A7D555D003A56DC /* Tamagotchi.swift in Sources */ = {isa = PBXBuildFile; fileRef = 4CAC167F2A7D555D003A56DC /* Tamagotchi.swift */; };
		4CAC16842A7D6CE1003A56DC /* DetailViewController.swift in Sources */ = {isa = PBXBuildFile; fileRef = 4CAC16832A7D6CE1003A56DC /* DetailViewController.swift */; };
		4CAC16862A7DFAD7003A56DC /* GrowViewController.swift in Sources */ = {isa = PBXBuildFile; fileRef = 4CAC16852A7DFAD7003A56DC /* GrowViewController.swift */; };
		4CAC16882A7E4F2A003A56DC /* Color.swift in Sources */ = {isa = PBXBuildFile; fileRef = 4CAC16872A7E4F2A003A56DC /* Color.swift */; };
		4CAC168A2A7E4F56003A56DC /* User.swift in Sources */ = {isa = PBXBuildFile; fileRef = 4CAC16892A7E4F56003A56DC /* User.swift */; };
		4CAC168C2A7E53AF003A56DC /* SettingViewController.swift in Sources */ = {isa = PBXBuildFile; fileRef = 4CAC168B2A7E53AF003A56DC /* SettingViewController.swift */; };
		4CAC168E2A7E5D7C003A56DC /* SettingTableViewCell.swift in Sources */ = {isa = PBXBuildFile; fileRef = 4CAC168D2A7E5D7C003A56DC /* SettingTableViewCell.swift */; };
		4CBB806F2A8D000A00FBCF32 /* UserDefaultsHelper.swift in Sources */ = {isa = PBXBuildFile; fileRef = 4CBB806E2A8D000A00FBCF32 /* UserDefaultsHelper.swift */; };
		4CBB80732A8D1B5000FBCF32 /* ReuseableProtocol.swift in Sources */ = {isa = PBXBuildFile; fileRef = 4CBB80722A8D1B5000FBCF32 /* ReuseableProtocol.swift */; };
		4CE5A4202A7E650800EEB1D6 /* Setting.swift in Sources */ = {isa = PBXBuildFile; fileRef = 4CE5A41F2A7E650800EEB1D6 /* Setting.swift */; };
		4CE5A4222A7E69E000EEB1D6 /* NameSettingViewController.swift in Sources */ = {isa = PBXBuildFile; fileRef = 4CE5A4212A7E69E000EEB1D6 /* NameSettingViewController.swift */; };
		4CE5A42C2A7E9EF200EEB1D6 /* FoodCount.swift in Sources */ = {isa = PBXBuildFile; fileRef = 4CE5A42B2A7E9EF200EEB1D6 /* FoodCount.swift */; };
		4CE5A42E2A7F933300EEB1D6 /* ResetViewController.swift in Sources */ = {isa = PBXBuildFile; fileRef = 4CE5A42D2A7F933300EEB1D6 /* ResetViewController.swift */; };
/* End PBXBuildFile section */

/* Begin PBXFileReference section */
		4CAC16642A7D4209003A56DC /* TamagotchiProject.app */ = {isa = PBXFileReference; explicitFileType = wrapper.application; includeInIndex = 0; path = TamagotchiProject.app; sourceTree = BUILT_PRODUCTS_DIR; };
		4CAC16672A7D4209003A56DC /* AppDelegate.swift */ = {isa = PBXFileReference; lastKnownFileType = sourcecode.swift; path = AppDelegate.swift; sourceTree = "<group>"; };
		4CAC16692A7D4209003A56DC /* SceneDelegate.swift */ = {isa = PBXFileReference; lastKnownFileType = sourcecode.swift; path = SceneDelegate.swift; sourceTree = "<group>"; };
		4CAC166B2A7D4209003A56DC /* ChoiceViewController.swift */ = {isa = PBXFileReference; lastKnownFileType = sourcecode.swift; path = ChoiceViewController.swift; sourceTree = "<group>"; };
		4CAC166E2A7D4209003A56DC /* Base */ = {isa = PBXFileReference; lastKnownFileType = file.storyboard; name = Base; path = Base.lproj/Main.storyboard; sourceTree = "<group>"; };
		4CAC16702A7D420A003A56DC /* Assets.xcassets */ = {isa = PBXFileReference; lastKnownFileType = folder.assetcatalog; path = Assets.xcassets; sourceTree = "<group>"; };
		4CAC16732A7D420A003A56DC /* Base */ = {isa = PBXFileReference; lastKnownFileType = file.storyboard; name = Base; path = Base.lproj/LaunchScreen.storyboard; sourceTree = "<group>"; };
		4CAC16752A7D420A003A56DC /* Info.plist */ = {isa = PBXFileReference; lastKnownFileType = text.plist.xml; path = Info.plist; sourceTree = "<group>"; };
		4CAC167B2A7D4983003A56DC /* TamagotchiCollectionViewCell.swift */ = {isa = PBXFileReference; lastKnownFileType = sourcecode.swift; path = TamagotchiCollectionViewCell.swift; sourceTree = "<group>"; };
		4CAC167C2A7D4983003A56DC /* TamagotchiCollectionViewCell.xib */ = {isa = PBXFileReference; lastKnownFileType = file.xib; path = TamagotchiCollectionViewCell.xib; sourceTree = "<group>"; };
		4CAC167F2A7D555D003A56DC /* Tamagotchi.swift */ = {isa = PBXFileReference; lastKnownFileType = sourcecode.swift; path = Tamagotchi.swift; sourceTree = "<group>"; };
		4CAC16832A7D6CE1003A56DC /* DetailViewController.swift */ = {isa = PBXFileReference; lastKnownFileType = sourcecode.swift; path = DetailViewController.swift; sourceTree = "<group>"; };
		4CAC16852A7DFAD7003A56DC /* GrowViewController.swift */ = {isa = PBXFileReference; lastKnownFileType = sourcecode.swift; path = GrowViewController.swift; sourceTree = "<group>"; };
		4CAC16872A7E4F2A003A56DC /* Color.swift */ = {isa = PBXFileReference; lastKnownFileType = sourcecode.swift; path = Color.swift; sourceTree = "<group>"; };
		4CAC16892A7E4F56003A56DC /* User.swift */ = {isa = PBXFileReference; lastKnownFileType = sourcecode.swift; path = User.swift; sourceTree = "<group>"; };
		4CAC168B2A7E53AF003A56DC /* SettingViewController.swift */ = {isa = PBXFileReference; lastKnownFileType = sourcecode.swift; path = SettingViewController.swift; sourceTree = "<group>"; };
		4CAC168D2A7E5D7C003A56DC /* SettingTableViewCell.swift */ = {isa = PBXFileReference; lastKnownFileType = sourcecode.swift; path = SettingTableViewCell.swift; sourceTree = "<group>"; };
		4CBB806E2A8D000A00FBCF32 /* UserDefaultsHelper.swift */ = {isa = PBXFileReference; lastKnownFileType = sourcecode.swift; path = UserDefaultsHelper.swift; sourceTree = "<group>"; };
		4CBB80722A8D1B5000FBCF32 /* ReuseableProtocol.swift */ = {isa = PBXFileReference; lastKnownFileType = sourcecode.swift; path = ReuseableProtocol.swift; sourceTree = "<group>"; };
		4CE5A41F2A7E650800EEB1D6 /* Setting.swift */ = {isa = PBXFileReference; lastKnownFileType = sourcecode.swift; path = Setting.swift; sourceTree = "<group>"; };
		4CE5A4212A7E69E000EEB1D6 /* NameSettingViewController.swift */ = {isa = PBXFileReference; lastKnownFileType = sourcecode.swift; path = NameSettingViewController.swift; sourceTree = "<group>"; };
		4CE5A42B2A7E9EF200EEB1D6 /* FoodCount.swift */ = {isa = PBXFileReference; lastKnownFileType = sourcecode.swift; path = FoodCount.swift; sourceTree = "<group>"; };
		4CE5A42D2A7F933300EEB1D6 /* ResetViewController.swift */ = {isa = PBXFileReference; lastKnownFileType = sourcecode.swift; path = ResetViewController.swift; sourceTree = "<group>"; };
/* End PBXFileReference section */

/* Begin PBXFrameworksBuildPhase section */
		4CAC16612A7D4209003A56DC /* Frameworks */ = {
			isa = PBXFrameworksBuildPhase;
			buildActionMask = 2147483647;
			files = (
			);
			runOnlyForDeploymentPostprocessing = 0;
		};
/* End PBXFrameworksBuildPhase section */

/* Begin PBXGroup section */
		4CAC165B2A7D4209003A56DC = {
			isa = PBXGroup;
			children = (
				4CAC16662A7D4209003A56DC /* TamagotchiProject */,
				4CAC16652A7D4209003A56DC /* Products */,
			);
			sourceTree = "<group>";
		};
		4CAC16652A7D4209003A56DC /* Products */ = {
			isa = PBXGroup;
			children = (
				4CAC16642A7D4209003A56DC /* TamagotchiProject.app */,
			);
			name = Products;
			sourceTree = "<group>";
		};
		4CAC16662A7D4209003A56DC /* TamagotchiProject */ = {
			isa = PBXGroup;
			children = (
				4CAC16672A7D4209003A56DC /* AppDelegate.swift */,
				4CAC16692A7D4209003A56DC /* SceneDelegate.swift */,
				4CAC166D2A7D4209003A56DC /* Main.storyboard */,
				4CAC166B2A7D4209003A56DC /* ChoiceViewController.swift */,
				4CAC167B2A7D4983003A56DC /* TamagotchiCollectionViewCell.swift */,
				4CAC167C2A7D4983003A56DC /* TamagotchiCollectionViewCell.xib */,
				4CAC16832A7D6CE1003A56DC /* DetailViewController.swift */,
				4CAC16852A7DFAD7003A56DC /* GrowViewController.swift */,
				4CAC168B2A7E53AF003A56DC /* SettingViewController.swift */,
				4CAC168D2A7E5D7C003A56DC /* SettingTableViewCell.swift */,
				4CE5A42D2A7F933300EEB1D6 /* ResetViewController.swift */,
				4CE5A4212A7E69E000EEB1D6 /* NameSettingViewController.swift */,
				4CAC16722A7D420A003A56DC /* LaunchScreen.storyboard */,
				4CAC167F2A7D555D003A56DC /* Tamagotchi.swift */,
				4CE5A42B2A7E9EF200EEB1D6 /* FoodCount.swift */,
				4CAC16872A7E4F2A003A56DC /* Color.swift */,
				4CAC16892A7E4F56003A56DC /* User.swift */,
				4CE5A41F2A7E650800EEB1D6 /* Setting.swift */,
				4CBB806E2A8D000A00FBCF32 /* UserDefaultsHelper.swift */,
				4CBB80722A8D1B5000FBCF32 /* ReuseableProtocol.swift */,
				4CAC16702A7D420A003A56DC /* Assets.xcassets */,
				4CAC16752A7D420A003A56DC /* Info.plist */,
			);
			path = TamagotchiProject;
			sourceTree = "<group>";
		};
/* End PBXGroup section */

/* Begin PBXNativeTarget section */
		4CAC16632A7D4209003A56DC /* TamagotchiProject */ = {
			isa = PBXNativeTarget;
			buildConfigurationList = 4CAC16782A7D420A003A56DC /* Build configuration list for PBXNativeTarget "TamagotchiProject" */;
			buildPhases = (
				4CAC16602A7D4209003A56DC /* Sources */,
				4CAC16612A7D4209003A56DC /* Frameworks */,
				4CAC16622A7D4209003A56DC /* Resources */,
			);
			buildRules = (
			);
			dependencies = (
			);
			name = TamagotchiProject;
			productName = TamagotchiProject;
			productReference = 4CAC16642A7D4209003A56DC /* TamagotchiProject.app */;
			productType = "com.apple.product-type.application";
		};
/* End PBXNativeTarget section */

/* Begin PBXProject section */
		4CAC165C2A7D4209003A56DC /* Project object */ = {
			isa = PBXProject;
			attributes = {
				BuildIndependentTargetsInParallel = 1;
				LastSwiftUpdateCheck = 1430;
				LastUpgradeCheck = 1430;
				TargetAttributes = {
					4CAC16632A7D4209003A56DC = {
						CreatedOnToolsVersion = 14.3.1;
					};
				};
			};
			buildConfigurationList = 4CAC165F2A7D4209003A56DC /* Build configuration list for PBXProject "TamagotchiProject" */;
			compatibilityVersion = "Xcode 14.0";
			developmentRegion = en;
			hasScannedForEncodings = 0;
			knownRegions = (
				en,
				Base,
			);
			mainGroup = 4CAC165B2A7D4209003A56DC;
			productRefGroup = 4CAC16652A7D4209003A56DC /* Products */;
			projectDirPath = "";
			projectRoot = "";
			targets = (
				4CAC16632A7D4209003A56DC /* TamagotchiProject */,
			);
		};
/* End PBXProject section */

/* Begin PBXResourcesBuildPhase section */
		4CAC16622A7D4209003A56DC /* Resources */ = {
			isa = PBXResourcesBuildPhase;
			buildActionMask = 2147483647;
			files = (
				4CAC16742A7D420A003A56DC /* LaunchScreen.storyboard in Resources */,
				4CAC16712A7D420A003A56DC /* Assets.xcassets in Resources */,
				4CAC167E2A7D4983003A56DC /* TamagotchiCollectionViewCell.xib in Resources */,
				4CAC166F2A7D4209003A56DC /* Main.storyboard in Resources */,
			);
			runOnlyForDeploymentPostprocessing = 0;
		};
/* End PBXResourcesBuildPhase section */

/* Begin PBXSourcesBuildPhase section */
		4CAC16602A7D4209003A56DC /* Sources */ = {
			isa = PBXSourcesBuildPhase;
			buildActionMask = 2147483647;
			files = (
				4CAC168E2A7E5D7C003A56DC /* SettingTableViewCell.swift in Sources */,
				4CAC166C2A7D4209003A56DC /* ChoiceViewController.swift in Sources */,
				4CE5A4202A7E650800EEB1D6 /* Setting.swift in Sources */,
				4CAC16862A7DFAD7003A56DC /* GrowViewController.swift in Sources */,
				4CE5A42E2A7F933300EEB1D6 /* ResetViewController.swift in Sources */,
				4CAC167D2A7D4983003A56DC /* TamagotchiCollectionViewCell.swift in Sources */,
				4CAC16682A7D4209003A56DC /* AppDelegate.swift in Sources */,
				4CAC16842A7D6CE1003A56DC /* DetailViewController.swift in Sources */,
				4CE5A4222A7E69E000EEB1D6 /* NameSettingViewController.swift in Sources */,
				4CAC168C2A7E53AF003A56DC /* SettingViewController.swift in Sources */,
				4CBB80732A8D1B5000FBCF32 /* ReuseableProtocol.swift in Sources */,
				4CBB806F2A8D000A00FBCF32 /* UserDefaultsHelper.swift in Sources */,
				4CAC168A2A7E4F56003A56DC /* User.swift in Sources */,
				4CAC16882A7E4F2A003A56DC /* Color.swift in Sources */,
				4CE5A42C2A7E9EF200EEB1D6 /* FoodCount.swift in Sources */,
				4CAC166A2A7D4209003A56DC /* SceneDelegate.swift in Sources */,
				4CAC16802A7D555D003A56DC /* Tamagotchi.swift in Sources */,
			);
			runOnlyForDeploymentPostprocessing = 0;
		};
/* End PBXSourcesBuildPhase section */

/* Begin PBXVariantGroup section */
		4CAC166D2A7D4209003A56DC /* Main.storyboard */ = {
			isa = PBXVariantGroup;
			children = (
				4CAC166E2A7D4209003A56DC /* Base */,
			);
			name = Main.storyboard;
			sourceTree = "<group>";
		};
		4CAC16722A7D420A003A56DC /* LaunchScreen.storyboard */ = {
			isa = PBXVariantGroup;
			children = (
				4CAC16732A7D420A003A56DC /* Base */,
			);
			name = LaunchScreen.storyboard;
			sourceTree = "<group>";
		};
/* End PBXVariantGroup section */

/* Begin XCBuildConfiguration section */
		4CAC16762A7D420A003A56DC /* Debug */ = {
			isa = XCBuildConfiguration;
			buildSettings = {
				ALWAYS_SEARCH_USER_PATHS = NO;
				CLANG_ANALYZER_NONNULL = YES;
				CLANG_ANALYZER_NUMBER_OBJECT_CONVERSION = YES_AGGRESSIVE;
				CLANG_CXX_LANGUAGE_STANDARD = "gnu++20";
				CLANG_ENABLE_MODULES = YES;
				CLANG_ENABLE_OBJC_ARC = YES;
				CLANG_ENABLE_OBJC_WEAK = YES;
				CLANG_WARN_BLOCK_CAPTURE_AUTORELEASING = YES;
				CLANG_WARN_BOOL_CONVERSION = YES;
				CLANG_WARN_COMMA = YES;
				CLANG_WARN_CONSTANT_CONVERSION = YES;
				CLANG_WARN_DEPRECATED_OBJC_IMPLEMENTATIONS = YES;
				CLANG_WARN_DIRECT_OBJC_ISA_USAGE = YES_ERROR;
				CLANG_WARN_DOCUMENTATION_COMMENTS = YES;
				CLANG_WARN_EMPTY_BODY = YES;
				CLANG_WARN_ENUM_CONVERSION = YES;
				CLANG_WARN_INFINITE_RECURSION = YES;
				CLANG_WARN_INT_CONVERSION = YES;
				CLANG_WARN_NON_LITERAL_NULL_CONVERSION = YES;
				CLANG_WARN_OBJC_IMPLICIT_RETAIN_SELF = YES;
				CLANG_WARN_OBJC_LITERAL_CONVERSION = YES;
				CLANG_WARN_OBJC_ROOT_CLASS = YES_ERROR;
				CLANG_WARN_QUOTED_INCLUDE_IN_FRAMEWORK_HEADER = YES;
				CLANG_WARN_RANGE_LOOP_ANALYSIS = YES;
				CLANG_WARN_STRICT_PROTOTYPES = YES;
				CLANG_WARN_SUSPICIOUS_MOVE = YES;
				CLANG_WARN_UNGUARDED_AVAILABILITY = YES_AGGRESSIVE;
				CLANG_WARN_UNREACHABLE_CODE = YES;
				CLANG_WARN__DUPLICATE_METHOD_MATCH = YES;
				COPY_PHASE_STRIP = NO;
				DEBUG_INFORMATION_FORMAT = dwarf;
				ENABLE_STRICT_OBJC_MSGSEND = YES;
				ENABLE_TESTABILITY = YES;
				GCC_C_LANGUAGE_STANDARD = gnu11;
				GCC_DYNAMIC_NO_PIC = NO;
				GCC_NO_COMMON_BLOCKS = YES;
				GCC_OPTIMIZATION_LEVEL = 0;
				GCC_PREPROCESSOR_DEFINITIONS = (
					"DEBUG=1",
					"$(inherited)",
				);
				GCC_WARN_64_TO_32_BIT_CONVERSION = YES;
				GCC_WARN_ABOUT_RETURN_TYPE = YES_ERROR;
				GCC_WARN_UNDECLARED_SELECTOR = YES;
				GCC_WARN_UNINITIALIZED_AUTOS = YES_AGGRESSIVE;
				GCC_WARN_UNUSED_FUNCTION = YES;
				GCC_WARN_UNUSED_VARIABLE = YES;
				IPHONEOS_DEPLOYMENT_TARGET = 16.4;
				MTL_ENABLE_DEBUG_INFO = INCLUDE_SOURCE;
				MTL_FAST_MATH = YES;
				ONLY_ACTIVE_ARCH = YES;
				SDKROOT = iphoneos;
				SWIFT_ACTIVE_COMPILATION_CONDITIONS = DEBUG;
				SWIFT_OPTIMIZATION_LEVEL = "-Onone";
			};
			name = Debug;
		};
		4CAC16772A7D420A003A56DC /* Release */ = {
			isa = XCBuildConfiguration;
			buildSettings = {
				ALWAYS_SEARCH_USER_PATHS = NO;
				CLANG_ANALYZER_NONNULL = YES;
				CLANG_ANALYZER_NUMBER_OBJECT_CONVERSION = YES_AGGRESSIVE;
				CLANG_CXX_LANGUAGE_STANDARD = "gnu++20";
				CLANG_ENABLE_MODULES = YES;
				CLANG_ENABLE_OBJC_ARC = YES;
				CLANG_ENABLE_OBJC_WEAK = YES;
				CLANG_WARN_BLOCK_CAPTURE_AUTORELEASING = YES;
				CLANG_WARN_BOOL_CONVERSION = YES;
				CLANG_WARN_COMMA = YES;
				CLANG_WARN_CONSTANT_CONVERSION = YES;
				CLANG_WARN_DEPRECATED_OBJC_IMPLEMENTATIONS = YES;
				CLANG_WARN_DIRECT_OBJC_ISA_USAGE = YES_ERROR;
				CLANG_WARN_DOCUMENTATION_COMMENTS = YES;
				CLANG_WARN_EMPTY_BODY = YES;
				CLANG_WARN_ENUM_CONVERSION = YES;
				CLANG_WARN_INFINITE_RECURSION = YES;
				CLANG_WARN_INT_CONVERSION = YES;
				CLANG_WARN_NON_LITERAL_NULL_CONVERSION = YES;
				CLANG_WARN_OBJC_IMPLICIT_RETAIN_SELF = YES;
				CLANG_WARN_OBJC_LITERAL_CONVERSION = YES;
				CLANG_WARN_OBJC_ROOT_CLASS = YES_ERROR;
				CLANG_WARN_QUOTED_INCLUDE_IN_FRAMEWORK_HEADER = YES;
				CLANG_WARN_RANGE_LOOP_ANALYSIS = YES;
				CLANG_WARN_STRICT_PROTOTYPES = YES;
				CLANG_WARN_SUSPICIOUS_MOVE = YES;
				CLANG_WARN_UNGUARDED_AVAILABILITY = YES_AGGRESSIVE;
				CLANG_WARN_UNREACHABLE_CODE = YES;
				CLANG_WARN__DUPLICATE_METHOD_MATCH = YES;
				COPY_PHASE_STRIP = NO;
				DEBUG_INFORMATION_FORMAT = "dwarf-with-dsym";
				ENABLE_NS_ASSERTIONS = NO;
				ENABLE_STRICT_OBJC_MSGSEND = YES;
				GCC_C_LANGUAGE_STANDARD = gnu11;
				GCC_NO_COMMON_BLOCKS = YES;
				GCC_WARN_64_TO_32_BIT_CONVERSION = YES;
				GCC_WARN_ABOUT_RETURN_TYPE = YES_ERROR;
				GCC_WARN_UNDECLARED_SELECTOR = YES;
				GCC_WARN_UNINITIALIZED_AUTOS = YES_AGGRESSIVE;
				GCC_WARN_UNUSED_FUNCTION = YES;
				GCC_WARN_UNUSED_VARIABLE = YES;
				IPHONEOS_DEPLOYMENT_TARGET = 16.4;
				MTL_ENABLE_DEBUG_INFO = NO;
				MTL_FAST_MATH = YES;
				SDKROOT = iphoneos;
				SWIFT_COMPILATION_MODE = wholemodule;
				SWIFT_OPTIMIZATION_LEVEL = "-O";
				VALIDATE_PRODUCT = YES;
			};
			name = Release;
		};
		4CAC16792A7D420A003A56DC /* Debug */ = {
			isa = XCBuildConfiguration;
			buildSettings = {
				ASSETCATALOG_COMPILER_APPICON_NAME = AppIcon;
				ASSETCATALOG_COMPILER_GLOBAL_ACCENT_COLOR_NAME = AccentColor;
				CODE_SIGN_STYLE = Automatic;
				CURRENT_PROJECT_VERSION = 1;
				DEVELOPMENT_TEAM = Z9S6MZGC9J;
				GENERATE_INFOPLIST_FILE = YES;
				INFOPLIST_FILE = TamagotchiProject/Info.plist;
				INFOPLIST_KEY_CFBundleDisplayName = "황재하";
				INFOPLIST_KEY_UIApplicationSupportsIndirectInputEvents = YES;
				INFOPLIST_KEY_UILaunchStoryboardName = LaunchScreen;
				INFOPLIST_KEY_UIMainStoryboardFile = Main;
				INFOPLIST_KEY_UISupportedInterfaceOrientations = UIInterfaceOrientationPortrait;
				INFOPLIST_KEY_UISupportedInterfaceOrientations_iPad = "UIInterfaceOrientationLandscapeLeft UIInterfaceOrientationLandscapeRight UIInterfaceOrientationPortrait UIInterfaceOrientationPortraitUpsideDown";
				IPHONEOS_DEPLOYMENT_TARGET = 15.0;
				LD_RUNPATH_SEARCH_PATHS = (
					"$(inherited)",
					"@executable_path/Frameworks",
				);
				MARKETING_VERSION = 1.0;
				PRODUCT_BUNDLE_IDENTIFIER = com.sesac.TamagotchiProject;
				PRODUCT_NAME = "$(TARGET_NAME)";
				SUPPORTED_PLATFORMS = "iphoneos iphonesimulator";
				SUPPORTS_MACCATALYST = NO;
				SUPPORTS_MAC_DESIGNED_FOR_IPHONE_IPAD = NO;
				SWIFT_EMIT_LOC_STRINGS = YES;
				SWIFT_VERSION = 5.0;
				TARGETED_DEVICE_FAMILY = 1;
			};
			name = Debug;
		};
		4CAC167A2A7D420A003A56DC /* Release */ = {
			isa = XCBuildConfiguration;
			buildSettings = {
				ASSETCATALOG_COMPILER_APPICON_NAME = AppIcon;
				ASSETCATALOG_COMPILER_GLOBAL_ACCENT_COLOR_NAME = AccentColor;
				CODE_SIGN_STYLE = Automatic;
				CURRENT_PROJECT_VERSION = 1;
				DEVELOPMENT_TEAM = Z9S6MZGC9J;
				GENERATE_INFOPLIST_FILE = YES;
				INFOPLIST_FILE = TamagotchiProject/Info.plist;
				INFOPLIST_KEY_CFBundleDisplayName = "황재하";
				INFOPLIST_KEY_UIApplicationSupportsIndirectInputEvents = YES;
				INFOPLIST_KEY_UILaunchStoryboardName = LaunchScreen;
				INFOPLIST_KEY_UIMainStoryboardFile = Main;
				INFOPLIST_KEY_UISupportedInterfaceOrientations = UIInterfaceOrientationPortrait;
				INFOPLIST_KEY_UISupportedInterfaceOrientations_iPad = "UIInterfaceOrientationLandscapeLeft UIInterfaceOrientationLandscapeRight UIInterfaceOrientationPortrait UIInterfaceOrientationPortraitUpsideDown";
				IPHONEOS_DEPLOYMENT_TARGET = 15.0;
				LD_RUNPATH_SEARCH_PATHS = (
					"$(inherited)",
					"@executable_path/Frameworks",
				);
				MARKETING_VERSION = 1.0;
				PRODUCT_BUNDLE_IDENTIFIER = com.sesac.TamagotchiProject;
				PRODUCT_NAME = "$(TARGET_NAME)";
				SUPPORTED_PLATFORMS = "iphoneos iphonesimulator";
				SUPPORTS_MACCATALYST = NO;
				SUPPORTS_MAC_DESIGNED_FOR_IPHONE_IPAD = NO;
				SWIFT_EMIT_LOC_STRINGS = YES;
				SWIFT_VERSION = 5.0;
				TARGETED_DEVICE_FAMILY = 1;
			};
			name = Release;
		};
/* End XCBuildConfiguration section */

/* Begin XCConfigurationList section */
		4CAC165F2A7D4209003A56DC /* Build configuration list for PBXProject "TamagotchiProject" */ = {
			isa = XCConfigurationList;
			buildConfigurations = (
				4CAC16762A7D420A003A56DC /* Debug */,
				4CAC16772A7D420A003A56DC /* Release */,
			);
			defaultConfigurationIsVisible = 0;
			defaultConfigurationName = Release;
		};
		4CAC16782A7D420A003A56DC /* Build configuration list for PBXNativeTarget "TamagotchiProject" */ = {
			isa = XCConfigurationList;
			buildConfigurations = (
				4CAC16792A7D420A003A56DC /* Debug */,
				4CAC167A2A7D420A003A56DC /* Release */,
			);
			defaultConfigurationIsVisible = 0;
			defaultConfigurationName = Release;
		};
/* End XCConfigurationList section */
	};
	rootObject = 4CAC165C2A7D4209003A56DC /* Project object */;
}
